// !$*UTF8*$!
{
	archiveVersion = 1;
	classes = {
	};
	objectVersion = 55;
	objects = {

/* Begin PBXBuildFile section */
		8413A45027A59E0E00520CA4 /* AppDelegate.swift in Sources */ = {isa = PBXBuildFile; fileRef = 8413A44F27A59E0E00520CA4 /* AppDelegate.swift */; };
		8413A45227A59E0E00520CA4 /* SceneDelegate.swift in Sources */ = {isa = PBXBuildFile; fileRef = 8413A45127A59E0E00520CA4 /* SceneDelegate.swift */; };
		8413A45427A59E0E00520CA4 /* SplashViewController.swift in Sources */ = {isa = PBXBuildFile; fileRef = 8413A45327A59E0E00520CA4 /* SplashViewController.swift */; };
		8413A45727A59E0E00520CA4 /* Main.storyboard in Resources */ = {isa = PBXBuildFile; fileRef = 8413A45527A59E0E00520CA4 /* Main.storyboard */; };
		8413A45927A59E0F00520CA4 /* Assets.xcassets in Resources */ = {isa = PBXBuildFile; fileRef = 8413A45827A59E0F00520CA4 /* Assets.xcassets */; };
		8413A45C27A59E0F00520CA4 /* LaunchScreen.storyboard in Resources */ = {isa = PBXBuildFile; fileRef = 8413A45A27A59E0F00520CA4 /* LaunchScreen.storyboard */; };
		84310ED927A8464400E972E4 /* LoginViewController.swift in Sources */ = {isa = PBXBuildFile; fileRef = 84310ED827A8464400E972E4 /* LoginViewController.swift */; };
		84310EDB27A8467800E972E4 /* SignUpViewController.swift in Sources */ = {isa = PBXBuildFile; fileRef = 84310EDA27A8467800E972E4 /* SignUpViewController.swift */; };
		8448524B27BD52AB0069C61C /* ForgotPasswordRouter.swift in Sources */ = {isa = PBXBuildFile; fileRef = 8448524A27BD52AB0069C61C /* ForgotPasswordRouter.swift */; };
		8448524D27BD56190069C61C /* ProfileRouter.swift in Sources */ = {isa = PBXBuildFile; fileRef = 8448524C27BD56190069C61C /* ProfileRouter.swift */; };
		8448524F27BE93F90069C61C /* ContainerFactory.swift in Sources */ = {isa = PBXBuildFile; fileRef = 8448524E27BE93F90069C61C /* ContainerFactory.swift */; };
		844BF43727B544FD004CEC6C /* KyesForUserDefaults.swift in Sources */ = {isa = PBXBuildFile; fileRef = 844BF43627B544FD004CEC6C /* KyesForUserDefaults.swift */; };
		8469CC8C27A7C89D00F3CA54 /* Roboto-Regular.ttf in Resources */ = {isa = PBXBuildFile; fileRef = 8469CC8B27A7C89D00F3CA54 /* Roboto-Regular.ttf */; };
		848E06D627B26A8000237CC2 /* GoogleService-Info.plist in Resources */ = {isa = PBXBuildFile; fileRef = 848E06D527B26A8000237CC2 /* GoogleService-Info.plist */; };
		848E06DA27B28FB500237CC2 /* CalendarCollectionViewCell.swift in Sources */ = {isa = PBXBuildFile; fileRef = 848E06D827B28FB500237CC2 /* CalendarCollectionViewCell.swift */; };
		848E06DB27B28FB500237CC2 /* CalendarCollectionViewCell.xib in Resources */ = {isa = PBXBuildFile; fileRef = 848E06D927B28FB500237CC2 /* CalendarCollectionViewCell.xib */; };
		848E06DD27B2ECDC00237CC2 /* Roboto-Medium.ttf in Resources */ = {isa = PBXBuildFile; fileRef = 848E06DC27B2ECDC00237CC2 /* Roboto-Medium.ttf */; };
		848E30FC27B6927300A08014 /* TaskModel.swift in Sources */ = {isa = PBXBuildFile; fileRef = 848E30FB27B6927300A08014 /* TaskModel.swift */; };
		848E30FE27B6AB9600A08014 /* SplashRouter.swift in Sources */ = {isa = PBXBuildFile; fileRef = 848E30FD27B6AB9600A08014 /* SplashRouter.swift */; };
		848E310127B6B06400A08014 /* AuthFactory.swift in Sources */ = {isa = PBXBuildFile; fileRef = 848E310027B6B06400A08014 /* AuthFactory.swift */; };
		848E310327B6B9F800A08014 /* LoginRouter.swift in Sources */ = {isa = PBXBuildFile; fileRef = 848E310227B6B9F800A08014 /* LoginRouter.swift */; };
		848E310527BAE04100A08014 /* DateModel.swift in Sources */ = {isa = PBXBuildFile; fileRef = 848E310427BAE04100A08014 /* DateModel.swift */; };
		848E310727BAE24100A08014 /* FormattedString.swift in Sources */ = {isa = PBXBuildFile; fileRef = 848E310627BAE24100A08014 /* FormattedString.swift */; };
		848E310A27BBA05F00A08014 /* Date+Format.swift in Sources */ = {isa = PBXBuildFile; fileRef = 848E310927BBA05F00A08014 /* Date+Format.swift */; };
		848E310D27BBC7AC00A08014 /* SignUpRouter.swift in Sources */ = {isa = PBXBuildFile; fileRef = 848E310C27BBC7AC00A08014 /* SignUpRouter.swift */; };
		84D7066527AC34B300D9B874 /* FireBaseAuthManager.swift in Sources */ = {isa = PBXBuildFile; fileRef = 84D7066427AC34B300D9B874 /* FireBaseAuthManager.swift */; };
		84D7066A27AC4E3E00D9B874 /* TaskViewController.swift in Sources */ = {isa = PBXBuildFile; fileRef = 84D7066927AC4E3E00D9B874 /* TaskViewController.swift */; };
		84DB37C427B5A6250028F6CA /* ContainerViewController.swift in Sources */ = {isa = PBXBuildFile; fileRef = 84DB37C327B5A6250028F6CA /* ContainerViewController.swift */; };
		84ED1F5F27AD52B9003D83B0 /* ProfileViewController.swift in Sources */ = {isa = PBXBuildFile; fileRef = 84ED1F5E27AD52B9003D83B0 /* ProfileViewController.swift */; };
		84ED1F6227AD5915003D83B0 /* UserModel.swift in Sources */ = {isa = PBXBuildFile; fileRef = 84ED1F6127AD5915003D83B0 /* UserModel.swift */; };
		84F4BA7127AADB51009A58A5 /* Roboto-Bold.ttf in Resources */ = {isa = PBXBuildFile; fileRef = 84F4BA7027AADB51009A58A5 /* Roboto-Bold.ttf */; };
		84F4BA7427AAFB74009A58A5 /* ForgotPasswordViewController.swift in Sources */ = {isa = PBXBuildFile; fileRef = 84F4BA7327AAFB74009A58A5 /* ForgotPasswordViewController.swift */; };
		97B89A64AB119E24C35DB806 /* Pods_Listok.framework in Frameworks */ = {isa = PBXBuildFile; fileRef = 8F5D867D4E85E25F1A2E048E /* Pods_Listok.framework */; };
/* End PBXBuildFile section */

/* Begin PBXFileReference section */
		195527C7C28AC0B090F9E3BE /* Pods-Listok.release.xcconfig */ = {isa = PBXFileReference; includeInIndex = 1; lastKnownFileType = text.xcconfig; name = "Pods-Listok.release.xcconfig"; path = "Target Support Files/Pods-Listok/Pods-Listok.release.xcconfig"; sourceTree = "<group>"; };
		3B0FB1CB3E50442498B96187 /* Pods-Listok.debug.xcconfig */ = {isa = PBXFileReference; includeInIndex = 1; lastKnownFileType = text.xcconfig; name = "Pods-Listok.debug.xcconfig"; path = "Target Support Files/Pods-Listok/Pods-Listok.debug.xcconfig"; sourceTree = "<group>"; };
		8413A44C27A59E0E00520CA4 /* Listok.app */ = {isa = PBXFileReference; explicitFileType = wrapper.application; includeInIndex = 0; path = Listok.app; sourceTree = BUILT_PRODUCTS_DIR; };
		8413A44F27A59E0E00520CA4 /* AppDelegate.swift */ = {isa = PBXFileReference; lastKnownFileType = sourcecode.swift; path = AppDelegate.swift; sourceTree = "<group>"; };
		8413A45127A59E0E00520CA4 /* SceneDelegate.swift */ = {isa = PBXFileReference; lastKnownFileType = sourcecode.swift; path = SceneDelegate.swift; sourceTree = "<group>"; };
		8413A45327A59E0E00520CA4 /* SplashViewController.swift */ = {isa = PBXFileReference; lastKnownFileType = sourcecode.swift; path = SplashViewController.swift; sourceTree = "<group>"; };
		8413A45627A59E0E00520CA4 /* Base */ = {isa = PBXFileReference; lastKnownFileType = file.storyboard; name = Base; path = Base.lproj/Main.storyboard; sourceTree = "<group>"; };
		8413A45827A59E0F00520CA4 /* Assets.xcassets */ = {isa = PBXFileReference; lastKnownFileType = folder.assetcatalog; path = Assets.xcassets; sourceTree = "<group>"; };
		8413A45B27A59E0F00520CA4 /* Base */ = {isa = PBXFileReference; lastKnownFileType = file.storyboard; name = Base; path = Base.lproj/LaunchScreen.storyboard; sourceTree = "<group>"; };
		8413A45D27A59E0F00520CA4 /* Info.plist */ = {isa = PBXFileReference; lastKnownFileType = text.plist.xml; path = Info.plist; sourceTree = "<group>"; };
		84310ED827A8464400E972E4 /* LoginViewController.swift */ = {isa = PBXFileReference; lastKnownFileType = sourcecode.swift; path = LoginViewController.swift; sourceTree = "<group>"; };
		84310EDA27A8467800E972E4 /* SignUpViewController.swift */ = {isa = PBXFileReference; lastKnownFileType = sourcecode.swift; path = SignUpViewController.swift; sourceTree = "<group>"; };
		8448524A27BD52AB0069C61C /* ForgotPasswordRouter.swift */ = {isa = PBXFileReference; lastKnownFileType = sourcecode.swift; path = ForgotPasswordRouter.swift; sourceTree = "<group>"; };
		8448524C27BD56190069C61C /* ProfileRouter.swift */ = {isa = PBXFileReference; lastKnownFileType = sourcecode.swift; path = ProfileRouter.swift; sourceTree = "<group>"; };
		8448524E27BE93F90069C61C /* ContainerFactory.swift */ = {isa = PBXFileReference; lastKnownFileType = sourcecode.swift; path = ContainerFactory.swift; sourceTree = "<group>"; };
		844BF43627B544FD004CEC6C /* KyesForUserDefaults.swift */ = {isa = PBXFileReference; lastKnownFileType = sourcecode.swift; path = KyesForUserDefaults.swift; sourceTree = "<group>"; };
		8469CC8B27A7C89D00F3CA54 /* Roboto-Regular.ttf */ = {isa = PBXFileReference; lastKnownFileType = file; path = "Roboto-Regular.ttf"; sourceTree = "<group>"; };
		848E06D527B26A8000237CC2 /* GoogleService-Info.plist */ = {isa = PBXFileReference; fileEncoding = 4; lastKnownFileType = text.plist.xml; path = "GoogleService-Info.plist"; sourceTree = "<group>"; };
		848E06D827B28FB500237CC2 /* CalendarCollectionViewCell.swift */ = {isa = PBXFileReference; lastKnownFileType = sourcecode.swift; path = CalendarCollectionViewCell.swift; sourceTree = "<group>"; };
		848E06D927B28FB500237CC2 /* CalendarCollectionViewCell.xib */ = {isa = PBXFileReference; lastKnownFileType = file.xib; path = CalendarCollectionViewCell.xib; sourceTree = "<group>"; };
		848E06DC27B2ECDC00237CC2 /* Roboto-Medium.ttf */ = {isa = PBXFileReference; lastKnownFileType = file; path = "Roboto-Medium.ttf"; sourceTree = "<group>"; };
		848E30FB27B6927300A08014 /* TaskModel.swift */ = {isa = PBXFileReference; lastKnownFileType = sourcecode.swift; path = TaskModel.swift; sourceTree = "<group>"; };
		848E30FD27B6AB9600A08014 /* SplashRouter.swift */ = {isa = PBXFileReference; lastKnownFileType = sourcecode.swift; path = SplashRouter.swift; sourceTree = "<group>"; };
		848E310027B6B06400A08014 /* AuthFactory.swift */ = {isa = PBXFileReference; lastKnownFileType = sourcecode.swift; path = AuthFactory.swift; sourceTree = "<group>"; };
		848E310227B6B9F800A08014 /* LoginRouter.swift */ = {isa = PBXFileReference; lastKnownFileType = sourcecode.swift; path = LoginRouter.swift; sourceTree = "<group>"; };
		848E310427BAE04100A08014 /* DateModel.swift */ = {isa = PBXFileReference; lastKnownFileType = sourcecode.swift; path = DateModel.swift; sourceTree = "<group>"; };
		848E310627BAE24100A08014 /* FormattedString.swift */ = {isa = PBXFileReference; lastKnownFileType = sourcecode.swift; path = FormattedString.swift; sourceTree = "<group>"; };
		848E310927BBA05F00A08014 /* Date+Format.swift */ = {isa = PBXFileReference; lastKnownFileType = sourcecode.swift; path = "Date+Format.swift"; sourceTree = "<group>"; };
		848E310C27BBC7AC00A08014 /* SignUpRouter.swift */ = {isa = PBXFileReference; lastKnownFileType = sourcecode.swift; path = SignUpRouter.swift; sourceTree = "<group>"; };
		84D7066427AC34B300D9B874 /* FireBaseAuthManager.swift */ = {isa = PBXFileReference; lastKnownFileType = sourcecode.swift; path = FireBaseAuthManager.swift; sourceTree = "<group>"; };
		84D7066927AC4E3E00D9B874 /* TaskViewController.swift */ = {isa = PBXFileReference; lastKnownFileType = sourcecode.swift; path = TaskViewController.swift; sourceTree = "<group>"; };
		84DB37C327B5A6250028F6CA /* ContainerViewController.swift */ = {isa = PBXFileReference; lastKnownFileType = sourcecode.swift; path = ContainerViewController.swift; sourceTree = "<group>"; };
		84ED1F5E27AD52B9003D83B0 /* ProfileViewController.swift */ = {isa = PBXFileReference; lastKnownFileType = sourcecode.swift; path = ProfileViewController.swift; sourceTree = "<group>"; };
		84ED1F6127AD5915003D83B0 /* UserModel.swift */ = {isa = PBXFileReference; lastKnownFileType = sourcecode.swift; path = UserModel.swift; sourceTree = "<group>"; };
		84F4BA7027AADB51009A58A5 /* Roboto-Bold.ttf */ = {isa = PBXFileReference; lastKnownFileType = file; path = "Roboto-Bold.ttf"; sourceTree = "<group>"; };
		84F4BA7327AAFB74009A58A5 /* ForgotPasswordViewController.swift */ = {isa = PBXFileReference; lastKnownFileType = sourcecode.swift; path = ForgotPasswordViewController.swift; sourceTree = "<group>"; };
		8F5D867D4E85E25F1A2E048E /* Pods_Listok.framework */ = {isa = PBXFileReference; explicitFileType = wrapper.framework; includeInIndex = 0; path = Pods_Listok.framework; sourceTree = BUILT_PRODUCTS_DIR; };
/* End PBXFileReference section */

/* Begin PBXFrameworksBuildPhase section */
		8413A44927A59E0E00520CA4 /* Frameworks */ = {
			isa = PBXFrameworksBuildPhase;
			buildActionMask = 2147483647;
			files = (
				97B89A64AB119E24C35DB806 /* Pods_Listok.framework in Frameworks */,
			);
			runOnlyForDeploymentPostprocessing = 0;
		};
/* End PBXFrameworksBuildPhase section */

/* Begin PBXGroup section */
		37B0EB626B7B1020C68EABBC /* Pods */ = {
			isa = PBXGroup;
			children = (
				3B0FB1CB3E50442498B96187 /* Pods-Listok.debug.xcconfig */,
				195527C7C28AC0B090F9E3BE /* Pods-Listok.release.xcconfig */,
			);
			path = Pods;
			sourceTree = "<group>";
		};
		8407FB6227A86D96007CF632 /* Login */ = {
			isa = PBXGroup;
			children = (
				84310ED827A8464400E972E4 /* LoginViewController.swift */,
				848E310227B6B9F800A08014 /* LoginRouter.swift */,
			);
			path = Login;
			sourceTree = "<group>";
		};
		8407FB6327A86DA5007CF632 /* SignUp */ = {
			isa = PBXGroup;
			children = (
				84310EDA27A8467800E972E4 /* SignUpViewController.swift */,
				848E310C27BBC7AC00A08014 /* SignUpRouter.swift */,
			);
			path = SignUp;
			sourceTree = "<group>";
		};
		8413A44327A59E0E00520CA4 = {
			isa = PBXGroup;
			children = (
				8413A44E27A59E0E00520CA4 /* Listok */,
				8413A44D27A59E0E00520CA4 /* Products */,
				37B0EB626B7B1020C68EABBC /* Pods */,
				B928BF121CB610D117E95A13 /* Frameworks */,
			);
			sourceTree = "<group>";
		};
		8413A44D27A59E0E00520CA4 /* Products */ = {
			isa = PBXGroup;
			children = (
				8413A44C27A59E0E00520CA4 /* Listok.app */,
			);
			name = Products;
			sourceTree = "<group>";
		};
		8413A44E27A59E0E00520CA4 /* Listok */ = {
			isa = PBXGroup;
			children = (
				848E310B27BBB3D300A08014 /* ViewControllers */,
				848E06D727B28F8700237CC2 /* CalendarCollectionViewCell */,
				848E310827BBA03B00A08014 /* Extensions */,
				848E30FF27B6B03100A08014 /* Factories */,
				84ED1F6027AD58FA003D83B0 /* Models */,
				84D7066327AC349A00D9B874 /* FireBase */,
				8469CC6827A7C45F00F3CA54 /* Fonts */,
				8413A44F27A59E0E00520CA4 /* AppDelegate.swift */,
				8413A45127A59E0E00520CA4 /* SceneDelegate.swift */,
				8413A45827A59E0F00520CA4 /* Assets.xcassets */,
				8413A45A27A59E0F00520CA4 /* LaunchScreen.storyboard */,
				8413A45D27A59E0F00520CA4 /* Info.plist */,
				848E06D527B26A8000237CC2 /* GoogleService-Info.plist */,
				848E310627BAE24100A08014 /* FormattedString.swift */,
				844BF43627B544FD004CEC6C /* KyesForUserDefaults.swift */,
			);
			path = Listok;
			sourceTree = "<group>";
		};
		8421A34227A86BA1006ED768 /* Splash */ = {
			isa = PBXGroup;
			children = (
				8413A45327A59E0E00520CA4 /* SplashViewController.swift */,
				8413A45527A59E0E00520CA4 /* Main.storyboard */,
				848E30FD27B6AB9600A08014 /* SplashRouter.swift */,
			);
			path = Splash;
			sourceTree = "<group>";
		};
		8469CC6827A7C45F00F3CA54 /* Fonts */ = {
			isa = PBXGroup;
			children = (
				848E06DC27B2ECDC00237CC2 /* Roboto-Medium.ttf */,
				84F4BA7027AADB51009A58A5 /* Roboto-Bold.ttf */,
				8469CC8B27A7C89D00F3CA54 /* Roboto-Regular.ttf */,
			);
			path = Fonts;
			sourceTree = "<group>";
		};
		848E06D727B28F8700237CC2 /* CalendarCollectionViewCell */ = {
			isa = PBXGroup;
			children = (
				848E06D827B28FB500237CC2 /* CalendarCollectionViewCell.swift */,
				848E06D927B28FB500237CC2 /* CalendarCollectionViewCell.xib */,
			);
			path = CalendarCollectionViewCell;
			sourceTree = "<group>";
		};
		848E30FF27B6B03100A08014 /* Factories */ = {
			isa = PBXGroup;
			children = (
				848E310027B6B06400A08014 /* AuthFactory.swift */,
				8448524E27BE93F90069C61C /* ContainerFactory.swift */,
			);
			path = Factories;
			sourceTree = "<group>";
		};
		848E310827BBA03B00A08014 /* Extensions */ = {
			isa = PBXGroup;
			children = (
				848E310927BBA05F00A08014 /* Date+Format.swift */,
			);
			path = Extensions;
			sourceTree = "<group>";
		};
		848E310B27BBB3D300A08014 /* ViewControllers */ = {
			isa = PBXGroup;
			children = (
				8421A34227A86BA1006ED768 /* Splash */,
				8407FB6327A86DA5007CF632 /* SignUp */,
				8407FB6227A86D96007CF632 /* Login */,
				84F4BA7227AAFB55009A58A5 /* ForgotPassword */,
				84DB37C227B5A5FE0028F6CA /* ContainerViewController */,
				84D7066827AC4E1800D9B874 /* Task */,
				84ED1F5D27AD52A4003D83B0 /* Profile */,
			);
			path = ViewControllers;
			sourceTree = "<group>";
		};
		84D7066327AC349A00D9B874 /* FireBase */ = {
			isa = PBXGroup;
			children = (
				84D7066427AC34B300D9B874 /* FireBaseAuthManager.swift */,
			);
			path = FireBase;
			sourceTree = "<group>";
		};
		84D7066827AC4E1800D9B874 /* Task */ = {
			isa = PBXGroup;
			children = (
				84D7066927AC4E3E00D9B874 /* TaskViewController.swift */,
				848E30FB27B6927300A08014 /* TaskModel.swift */,
			);
			path = Task;
			sourceTree = "<group>";
		};
		84DB37C227B5A5FE0028F6CA /* ContainerViewController */ = {
			isa = PBXGroup;
			children = (
				84DB37C327B5A6250028F6CA /* ContainerViewController.swift */,
			);
			path = ContainerViewController;
			sourceTree = "<group>";
		};
		84ED1F5D27AD52A4003D83B0 /* Profile */ = {
			isa = PBXGroup;
			children = (
				84ED1F5E27AD52B9003D83B0 /* ProfileViewController.swift */,
				8448524C27BD56190069C61C /* ProfileRouter.swift */,
			);
			path = Profile;
			sourceTree = "<group>";
		};
		84ED1F6027AD58FA003D83B0 /* Models */ = {
			isa = PBXGroup;
			children = (
				84ED1F6127AD5915003D83B0 /* UserModel.swift */,
				848E310427BAE04100A08014 /* DateModel.swift */,
			);
			path = Models;
			sourceTree = "<group>";
		};
		84F4BA7227AAFB55009A58A5 /* ForgotPassword */ = {
			isa = PBXGroup;
			children = (
				84F4BA7327AAFB74009A58A5 /* ForgotPasswordViewController.swift */,
				8448524A27BD52AB0069C61C /* ForgotPasswordRouter.swift */,
			);
			path = ForgotPassword;
			sourceTree = "<group>";
		};
		B928BF121CB610D117E95A13 /* Frameworks */ = {
			isa = PBXGroup;
			children = (
				8F5D867D4E85E25F1A2E048E /* Pods_Listok.framework */,
			);
			name = Frameworks;
			sourceTree = "<group>";
		};
/* End PBXGroup section */

/* Begin PBXNativeTarget section */
		8413A44B27A59E0E00520CA4 /* Listok */ = {
			isa = PBXNativeTarget;
			buildConfigurationList = 8413A46027A59E0F00520CA4 /* Build configuration list for PBXNativeTarget "Listok" */;
			buildPhases = (
				8FE3BFEE2EA5743BCA4940F4 /* [CP] Check Pods Manifest.lock */,
				8413A44827A59E0E00520CA4 /* Sources */,
				8413A44927A59E0E00520CA4 /* Frameworks */,
				8413A44A27A59E0E00520CA4 /* Resources */,
				536616585E1CF4B9DDC71A4C /* [CP] Embed Pods Frameworks */,
			);
			buildRules = (
			);
			dependencies = (
			);
			name = Listok;
			productName = Listok;
			productReference = 8413A44C27A59E0E00520CA4 /* Listok.app */;
			productType = "com.apple.product-type.application";
		};
/* End PBXNativeTarget section */

/* Begin PBXProject section */
		8413A44427A59E0E00520CA4 /* Project object */ = {
			isa = PBXProject;
			attributes = {
				BuildIndependentTargetsInParallel = 1;
				LastSwiftUpdateCheck = 1320;
				LastUpgradeCheck = 1320;
				TargetAttributes = {
					8413A44B27A59E0E00520CA4 = {
						CreatedOnToolsVersion = 13.2.1;
					};
				};
			};
			buildConfigurationList = 8413A44727A59E0E00520CA4 /* Build configuration list for PBXProject "Listok" */;
			compatibilityVersion = "Xcode 13.0";
			developmentRegion = en;
			hasScannedForEncodings = 0;
			knownRegions = (
				en,
				Base,
			);
			mainGroup = 8413A44327A59E0E00520CA4;
			productRefGroup = 8413A44D27A59E0E00520CA4 /* Products */;
			projectDirPath = "";
			projectRoot = "";
			targets = (
				8413A44B27A59E0E00520CA4 /* Listok */,
			);
		};
/* End PBXProject section */

/* Begin PBXResourcesBuildPhase section */
		8413A44A27A59E0E00520CA4 /* Resources */ = {
			isa = PBXResourcesBuildPhase;
			buildActionMask = 2147483647;
			files = (
				848E06DD27B2ECDC00237CC2 /* Roboto-Medium.ttf in Resources */,
				8413A45C27A59E0F00520CA4 /* LaunchScreen.storyboard in Resources */,
				8413A45927A59E0F00520CA4 /* Assets.xcassets in Resources */,
				84F4BA7127AADB51009A58A5 /* Roboto-Bold.ttf in Resources */,
				8469CC8C27A7C89D00F3CA54 /* Roboto-Regular.ttf in Resources */,
				848E06DB27B28FB500237CC2 /* CalendarCollectionViewCell.xib in Resources */,
				8413A45727A59E0E00520CA4 /* Main.storyboard in Resources */,
				848E06D627B26A8000237CC2 /* GoogleService-Info.plist in Resources */,
			);
			runOnlyForDeploymentPostprocessing = 0;
		};
/* End PBXResourcesBuildPhase section */

/* Begin PBXShellScriptBuildPhase section */
		536616585E1CF4B9DDC71A4C /* [CP] Embed Pods Frameworks */ = {
			isa = PBXShellScriptBuildPhase;
			buildActionMask = 2147483647;
			files = (
			);
			inputFileListPaths = (
				"${PODS_ROOT}/Target Support Files/Pods-Listok/Pods-Listok-frameworks-${CONFIGURATION}-input-files.xcfilelist",
			);
			name = "[CP] Embed Pods Frameworks";
			outputFileListPaths = (
				"${PODS_ROOT}/Target Support Files/Pods-Listok/Pods-Listok-frameworks-${CONFIGURATION}-output-files.xcfilelist",
			);
			runOnlyForDeploymentPostprocessing = 0;
			shellPath = /bin/sh;
			shellScript = "\"${PODS_ROOT}/Target Support Files/Pods-Listok/Pods-Listok-frameworks.sh\"\n";
			showEnvVarsInLog = 0;
		};
		8FE3BFEE2EA5743BCA4940F4 /* [CP] Check Pods Manifest.lock */ = {
			isa = PBXShellScriptBuildPhase;
			buildActionMask = 2147483647;
			files = (
			);
			inputFileListPaths = (
			);
			inputPaths = (
				"${PODS_PODFILE_DIR_PATH}/Podfile.lock",
				"${PODS_ROOT}/Manifest.lock",
			);
			name = "[CP] Check Pods Manifest.lock";
			outputFileListPaths = (
			);
			outputPaths = (
				"$(DERIVED_FILE_DIR)/Pods-Listok-checkManifestLockResult.txt",
			);
			runOnlyForDeploymentPostprocessing = 0;
			shellPath = /bin/sh;
			shellScript = "diff \"${PODS_PODFILE_DIR_PATH}/Podfile.lock\" \"${PODS_ROOT}/Manifest.lock\" > /dev/null\nif [ $? != 0 ] ; then\n    # print error to STDERR\n    echo \"error: The sandbox is not in sync with the Podfile.lock. Run 'pod install' or update your CocoaPods installation.\" >&2\n    exit 1\nfi\n# This output is used by Xcode 'outputs' to avoid re-running this script phase.\necho \"SUCCESS\" > \"${SCRIPT_OUTPUT_FILE_0}\"\n";
			showEnvVarsInLog = 0;
		};
/* End PBXShellScriptBuildPhase section */

/* Begin PBXSourcesBuildPhase section */
		8413A44827A59E0E00520CA4 /* Sources */ = {
			isa = PBXSourcesBuildPhase;
			buildActionMask = 2147483647;
			files = (
				84310ED927A8464400E972E4 /* LoginViewController.swift in Sources */,
				8413A45427A59E0E00520CA4 /* SplashViewController.swift in Sources */,
				84DB37C427B5A6250028F6CA /* ContainerViewController.swift in Sources */,
				84F4BA7427AAFB74009A58A5 /* ForgotPasswordViewController.swift in Sources */,
				8448524F27BE93F90069C61C /* ContainerFactory.swift in Sources */,
				8413A45027A59E0E00520CA4 /* AppDelegate.swift in Sources */,
				848E310527BAE04100A08014 /* DateModel.swift in Sources */,
				848E310A27BBA05F00A08014 /* Date+Format.swift in Sources */,
				84D7066527AC34B300D9B874 /* FireBaseAuthManager.swift in Sources */,
				8448524D27BD56190069C61C /* ProfileRouter.swift in Sources */,
				848E310327B6B9F800A08014 /* LoginRouter.swift in Sources */,
				848E310D27BBC7AC00A08014 /* SignUpRouter.swift in Sources */,
				848E310127B6B06400A08014 /* AuthFactory.swift in Sources */,
				848E310727BAE24100A08014 /* FormattedString.swift in Sources */,
				848E30FC27B6927300A08014 /* TaskModel.swift in Sources */,
				84D7066A27AC4E3E00D9B874 /* TaskViewController.swift in Sources */,
				84ED1F5F27AD52B9003D83B0 /* ProfileViewController.swift in Sources */,
				8413A45227A59E0E00520CA4 /* SceneDelegate.swift in Sources */,
				848E30FE27B6AB9600A08014 /* SplashRouter.swift in Sources */,
				848E06DA27B28FB500237CC2 /* CalendarCollectionViewCell.swift in Sources */,
				8448524B27BD52AB0069C61C /* ForgotPasswordRouter.swift in Sources */,
				84ED1F6227AD5915003D83B0 /* UserModel.swift in Sources */,
				844BF43727B544FD004CEC6C /* KyesForUserDefaults.swift in Sources */,
				84310EDB27A8467800E972E4 /* SignUpViewController.swift in Sources */,
			);
			runOnlyForDeploymentPostprocessing = 0;
		};
/* End PBXSourcesBuildPhase section */

/* Begin PBXVariantGroup section */
		8413A45527A59E0E00520CA4 /* Main.storyboard */ = {
			isa = PBXVariantGroup;
			children = (
				8413A45627A59E0E00520CA4 /* Base */,
			);
			name = Main.storyboard;
			sourceTree = "<group>";
		};
		8413A45A27A59E0F00520CA4 /* LaunchScreen.storyboard */ = {
			isa = PBXVariantGroup;
			children = (
				8413A45B27A59E0F00520CA4 /* Base */,
			);
			name = LaunchScreen.storyboard;
			sourceTree = "<group>";
		};
/* End PBXVariantGroup section */

/* Begin XCBuildConfiguration section */
		8413A45E27A59E0F00520CA4 /* Debug */ = {
			isa = XCBuildConfiguration;
			buildSettings = {
				ALWAYS_SEARCH_USER_PATHS = NO;
				CLANG_ANALYZER_NONNULL = YES;
				CLANG_ANALYZER_NUMBER_OBJECT_CONVERSION = YES_AGGRESSIVE;
				CLANG_CXX_LANGUAGE_STANDARD = "gnu++17";
				CLANG_CXX_LIBRARY = "libc++";
				CLANG_ENABLE_MODULES = YES;
				CLANG_ENABLE_OBJC_ARC = YES;
				CLANG_ENABLE_OBJC_WEAK = YES;
				CLANG_WARN_BLOCK_CAPTURE_AUTORELEASING = YES;
				CLANG_WARN_BOOL_CONVERSION = YES;
				CLANG_WARN_COMMA = YES;
				CLANG_WARN_CONSTANT_CONVERSION = YES;
				CLANG_WARN_DEPRECATED_OBJC_IMPLEMENTATIONS = YES;
				CLANG_WARN_DIRECT_OBJC_ISA_USAGE = YES_ERROR;
				CLANG_WARN_DOCUMENTATION_COMMENTS = YES;
				CLANG_WARN_EMPTY_BODY = YES;
				CLANG_WARN_ENUM_CONVERSION = YES;
				CLANG_WARN_INFINITE_RECURSION = YES;
				CLANG_WARN_INT_CONVERSION = YES;
				CLANG_WARN_NON_LITERAL_NULL_CONVERSION = YES;
				CLANG_WARN_OBJC_IMPLICIT_RETAIN_SELF = YES;
				CLANG_WARN_OBJC_LITERAL_CONVERSION = YES;
				CLANG_WARN_OBJC_ROOT_CLASS = YES_ERROR;
				CLANG_WARN_QUOTED_INCLUDE_IN_FRAMEWORK_HEADER = YES;
				CLANG_WARN_RANGE_LOOP_ANALYSIS = YES;
				CLANG_WARN_STRICT_PROTOTYPES = YES;
				CLANG_WARN_SUSPICIOUS_MOVE = YES;
				CLANG_WARN_UNGUARDED_AVAILABILITY = YES_AGGRESSIVE;
				CLANG_WARN_UNREACHABLE_CODE = YES;
				CLANG_WARN__DUPLICATE_METHOD_MATCH = YES;
				COPY_PHASE_STRIP = NO;
				DEBUG_INFORMATION_FORMAT = dwarf;
				ENABLE_STRICT_OBJC_MSGSEND = YES;
				ENABLE_TESTABILITY = YES;
				GCC_C_LANGUAGE_STANDARD = gnu11;
				GCC_DYNAMIC_NO_PIC = NO;
				GCC_NO_COMMON_BLOCKS = YES;
				GCC_OPTIMIZATION_LEVEL = 0;
				GCC_PREPROCESSOR_DEFINITIONS = (
					"DEBUG=1",
					"$(inherited)",
				);
				GCC_WARN_64_TO_32_BIT_CONVERSION = YES;
				GCC_WARN_ABOUT_RETURN_TYPE = YES_ERROR;
				GCC_WARN_UNDECLARED_SELECTOR = YES;
				GCC_WARN_UNINITIALIZED_AUTOS = YES_AGGRESSIVE;
				GCC_WARN_UNUSED_FUNCTION = YES;
				GCC_WARN_UNUSED_VARIABLE = YES;
				IPHONEOS_DEPLOYMENT_TARGET = 15.2;
				MTL_ENABLE_DEBUG_INFO = INCLUDE_SOURCE;
				MTL_FAST_MATH = YES;
				ONLY_ACTIVE_ARCH = YES;
				SDKROOT = iphoneos;
				SWIFT_ACTIVE_COMPILATION_CONDITIONS = DEBUG;
				SWIFT_OPTIMIZATION_LEVEL = "-Onone";
			};
			name = Debug;
		};
		8413A45F27A59E0F00520CA4 /* Release */ = {
			isa = XCBuildConfiguration;
			buildSettings = {
				ALWAYS_SEARCH_USER_PATHS = NO;
				CLANG_ANALYZER_NONNULL = YES;
				CLANG_ANALYZER_NUMBER_OBJECT_CONVERSION = YES_AGGRESSIVE;
				CLANG_CXX_LANGUAGE_STANDARD = "gnu++17";
				CLANG_CXX_LIBRARY = "libc++";
				CLANG_ENABLE_MODULES = YES;
				CLANG_ENABLE_OBJC_ARC = YES;
				CLANG_ENABLE_OBJC_WEAK = YES;
				CLANG_WARN_BLOCK_CAPTURE_AUTORELEASING = YES;
				CLANG_WARN_BOOL_CONVERSION = YES;
				CLANG_WARN_COMMA = YES;
				CLANG_WARN_CONSTANT_CONVERSION = YES;
				CLANG_WARN_DEPRECATED_OBJC_IMPLEMENTATIONS = YES;
				CLANG_WARN_DIRECT_OBJC_ISA_USAGE = YES_ERROR;
				CLANG_WARN_DOCUMENTATION_COMMENTS = YES;
				CLANG_WARN_EMPTY_BODY = YES;
				CLANG_WARN_ENUM_CONVERSION = YES;
				CLANG_WARN_INFINITE_RECURSION = YES;
				CLANG_WARN_INT_CONVERSION = YES;
				CLANG_WARN_NON_LITERAL_NULL_CONVERSION = YES;
				CLANG_WARN_OBJC_IMPLICIT_RETAIN_SELF = YES;
				CLANG_WARN_OBJC_LITERAL_CONVERSION = YES;
				CLANG_WARN_OBJC_ROOT_CLASS = YES_ERROR;
				CLANG_WARN_QUOTED_INCLUDE_IN_FRAMEWORK_HEADER = YES;
				CLANG_WARN_RANGE_LOOP_ANALYSIS = YES;
				CLANG_WARN_STRICT_PROTOTYPES = YES;
				CLANG_WARN_SUSPICIOUS_MOVE = YES;
				CLANG_WARN_UNGUARDED_AVAILABILITY = YES_AGGRESSIVE;
				CLANG_WARN_UNREACHABLE_CODE = YES;
				CLANG_WARN__DUPLICATE_METHOD_MATCH = YES;
				COPY_PHASE_STRIP = NO;
				DEBUG_INFORMATION_FORMAT = "dwarf-with-dsym";
				ENABLE_NS_ASSERTIONS = NO;
				ENABLE_STRICT_OBJC_MSGSEND = YES;
				GCC_C_LANGUAGE_STANDARD = gnu11;
				GCC_NO_COMMON_BLOCKS = YES;
				GCC_WARN_64_TO_32_BIT_CONVERSION = YES;
				GCC_WARN_ABOUT_RETURN_TYPE = YES_ERROR;
				GCC_WARN_UNDECLARED_SELECTOR = YES;
				GCC_WARN_UNINITIALIZED_AUTOS = YES_AGGRESSIVE;
				GCC_WARN_UNUSED_FUNCTION = YES;
				GCC_WARN_UNUSED_VARIABLE = YES;
				IPHONEOS_DEPLOYMENT_TARGET = 15.2;
				MTL_ENABLE_DEBUG_INFO = NO;
				MTL_FAST_MATH = YES;
				SDKROOT = iphoneos;
				SWIFT_COMPILATION_MODE = wholemodule;
				SWIFT_OPTIMIZATION_LEVEL = "-O";
				VALIDATE_PRODUCT = YES;
			};
			name = Release;
		};
		8413A46127A59E0F00520CA4 /* Debug */ = {
			isa = XCBuildConfiguration;
			baseConfigurationReference = 3B0FB1CB3E50442498B96187 /* Pods-Listok.debug.xcconfig */;
			buildSettings = {
				ASSETCATALOG_COMPILER_APPICON_NAME = AppIcon;
				ASSETCATALOG_COMPILER_GLOBAL_ACCENT_COLOR_NAME = AccentColor;
				CODE_SIGN_STYLE = Automatic;
				CURRENT_PROJECT_VERSION = 1;
				GENERATE_INFOPLIST_FILE = YES;
				INFOPLIST_FILE = Listok/Info.plist;
				INFOPLIST_KEY_UIApplicationSupportsIndirectInputEvents = YES;
				INFOPLIST_KEY_UILaunchStoryboardName = LaunchScreen;
				INFOPLIST_KEY_UIMainStoryboardFile = Main;
				INFOPLIST_KEY_UISupportedInterfaceOrientations_iPad = "UIInterfaceOrientationPortrait UIInterfaceOrientationPortraitUpsideDown UIInterfaceOrientationLandscapeLeft UIInterfaceOrientationLandscapeRight";
				INFOPLIST_KEY_UISupportedInterfaceOrientations_iPhone = "UIInterfaceOrientationPortrait UIInterfaceOrientationLandscapeLeft UIInterfaceOrientationLandscapeRight";
				IPHONEOS_DEPLOYMENT_TARGET = 11.0;
				LD_RUNPATH_SEARCH_PATHS = (
					"$(inherited)",
					"@executable_path/Frameworks",
				);
				MARKETING_VERSION = 1.0;
				PRODUCT_BUNDLE_IDENTIFIER = "com.yourcompany.Listok-App.Listok";
				PRODUCT_NAME = "$(TARGET_NAME)";
				SWIFT_EMIT_LOC_STRINGS = YES;
				SWIFT_VERSION = 5.0;
				TARGETED_DEVICE_FAMILY = "1,2";
			};
			name = Debug;
		};
		8413A46227A59E0F00520CA4 /* Release */ = {
			isa = XCBuildConfiguration;
			baseConfigurationReference = 195527C7C28AC0B090F9E3BE /* Pods-Listok.release.xcconfig */;
			buildSettings = {
				ASSETCATALOG_COMPILER_APPICON_NAME = AppIcon;
				ASSETCATALOG_COMPILER_GLOBAL_ACCENT_COLOR_NAME = AccentColor;
				CODE_SIGN_STYLE = Automatic;
				CURRENT_PROJECT_VERSION = 1;
				GENERATE_INFOPLIST_FILE = YES;
				INFOPLIST_FILE = Listok/Info.plist;
				INFOPLIST_KEY_UIApplicationSupportsIndirectInputEvents = YES;
				INFOPLIST_KEY_UILaunchStoryboardName = LaunchScreen;
				INFOPLIST_KEY_UIMainStoryboardFile = Main;
				INFOPLIST_KEY_UISupportedInterfaceOrientations_iPad = "UIInterfaceOrientationPortrait UIInterfaceOrientationPortraitUpsideDown UIInterfaceOrientationLandscapeLeft UIInterfaceOrientationLandscapeRight";
				INFOPLIST_KEY_UISupportedInterfaceOrientations_iPhone = "UIInterfaceOrientationPortrait UIInterfaceOrientationLandscapeLeft UIInterfaceOrientationLandscapeRight";
				IPHONEOS_DEPLOYMENT_TARGET = 11.0;
				LD_RUNPATH_SEARCH_PATHS = (
					"$(inherited)",
					"@executable_path/Frameworks",
				);
				MARKETING_VERSION = 1.0;
				PRODUCT_BUNDLE_IDENTIFIER = "com.yourcompany.Listok-App.Listok";
				PRODUCT_NAME = "$(TARGET_NAME)";
				SWIFT_EMIT_LOC_STRINGS = YES;
				SWIFT_VERSION = 5.0;
				TARGETED_DEVICE_FAMILY = "1,2";
			};
			name = Release;
		};
/* End XCBuildConfiguration section */

/* Begin XCConfigurationList section */
		8413A44727A59E0E00520CA4 /* Build configuration list for PBXProject "Listok" */ = {
			isa = XCConfigurationList;
			buildConfigurations = (
				8413A45E27A59E0F00520CA4 /* Debug */,
				8413A45F27A59E0F00520CA4 /* Release */,
			);
			defaultConfigurationIsVisible = 0;
			defaultConfigurationName = Release;
		};
		8413A46027A59E0F00520CA4 /* Build configuration list for PBXNativeTarget "Listok" */ = {
			isa = XCConfigurationList;
			buildConfigurations = (
				8413A46127A59E0F00520CA4 /* Debug */,
				8413A46227A59E0F00520CA4 /* Release */,
			);
			defaultConfigurationIsVisible = 0;
			defaultConfigurationName = Release;
		};
/* End XCConfigurationList section */
	};
	rootObject = 8413A44427A59E0E00520CA4 /* Project object */;
}
